// !$*UTF8*$!
{
	archiveVersion = 1;
	classes = {
	};
	objectVersion = 77;
	objects = {

/* Begin PBXContainerItemProxy section */
		EBC644A02E2B2FEA002FEDE0 /* PBXContainerItemProxy */ = {
			isa = PBXContainerItemProxy;
			containerPortal = EBC6448A2E2B2FE7002FEDE0 /* Project object */;
			proxyType = 1;
			remoteGlobalIDString = EBC644912E2B2FE7002FEDE0;
			remoteInfo = NavigationCoordinator;
		};
		EBC644AA2E2B2FEA002FEDE0 /* PBXContainerItemProxy */ = {
			isa = PBXContainerItemProxy;
			containerPortal = EBC6448A2E2B2FE7002FEDE0 /* Project object */;
			proxyType = 1;
			remoteGlobalIDString = EBC644912E2B2FE7002FEDE0;
			remoteInfo = NavigationCoordinator;
		};
/* End PBXContainerItemProxy section */

/* Begin PBXFileReference section */
		EBC644922E2B2FE7002FEDE0 /* NavigationCoordinator.app */ = {isa = PBXFileReference; explicitFileType = wrapper.application; includeInIndex = 0; path = NavigationCoordinator.app; sourceTree = BUILT_PRODUCTS_DIR; };
		EBC6449F2E2B2FEA002FEDE0 /* NavigationCoordinatorTests.xctest */ = {isa = PBXFileReference; explicitFileType = wrapper.cfbundle; includeInIndex = 0; path = NavigationCoordinatorTests.xctest; sourceTree = BUILT_PRODUCTS_DIR; };
		EBC644A92E2B2FEA002FEDE0 /* NavigationCoordinatorUITests.xctest */ = {isa = PBXFileReference; explicitFileType = wrapper.cfbundle; includeInIndex = 0; path = NavigationCoordinatorUITests.xctest; sourceTree = BUILT_PRODUCTS_DIR; };
/* End PBXFileReference section */

/* Begin PBXFileSystemSynchronizedRootGroup section */
		EBC644942E2B2FE7002FEDE0 /* NavigationCoordinator */ = {
			isa = PBXFileSystemSynchronizedRootGroup;
			path = NavigationCoordinator;
			sourceTree = "<group>";
		};
		EBC644A22E2B2FEA002FEDE0 /* NavigationCoordinatorTests */ = {
			isa = PBXFileSystemSynchronizedRootGroup;
			path = NavigationCoordinatorTests;
			sourceTree = "<group>";
		};
		EBC644AC2E2B2FEA002FEDE0 /* NavigationCoordinatorUITests */ = {
			isa = PBXFileSystemSynchronizedRootGroup;
			path = NavigationCoordinatorUITests;
			sourceTree = "<group>";
		};
/* End PBXFileSystemSynchronizedRootGroup section */

/* Begin PBXFrameworksBuildPhase section */
		EBC6448F2E2B2FE7002FEDE0 /* Frameworks */ = {
			isa = PBXFrameworksBuildPhase;
			buildActionMask = 2147483647;
			files = (
			);
			runOnlyForDeploymentPostprocessing = 0;
		};
		EBC6449C2E2B2FEA002FEDE0 /* Frameworks */ = {
			isa = PBXFrameworksBuildPhase;
			buildActionMask = 2147483647;
			files = (
			);
			runOnlyForDeploymentPostprocessing = 0;
		};
		EBC644A62E2B2FEA002FEDE0 /* Frameworks */ = {
			isa = PBXFrameworksBuildPhase;
			buildActionMask = 2147483647;
			files = (
			);
			runOnlyForDeploymentPostprocessing = 0;
		};
/* End PBXFrameworksBuildPhase section */

/* Begin PBXGroup section */
		EBC644892E2B2FE7002FEDE0 = {
			isa = PBXGroup;
			children = (
				EBC644942E2B2FE7002FEDE0 /* NavigationCoordinator */,
				EBC644A22E2B2FEA002FEDE0 /* NavigationCoordinatorTests */,
				EBC644AC2E2B2FEA002FEDE0 /* NavigationCoordinatorUITests */,
				EBC644932E2B2FE7002FEDE0 /* Products */,
			);
			sourceTree = "<group>";
		};
		EBC644932E2B2FE7002FEDE0 /* Products */ = {
			isa = PBXGroup;
			children = (
				EBC644922E2B2FE7002FEDE0 /* NavigationCoordinator.app */,
				EBC6449F2E2B2FEA002FEDE0 /* NavigationCoordinatorTests.xctest */,
				EBC644A92E2B2FEA002FEDE0 /* NavigationCoordinatorUITests.xctest */,
			);
			name = Products;
			sourceTree = "<group>";
		};
/* End PBXGroup section */

/* Begin PBXNativeTarget section */
		EBC644912E2B2FE7002FEDE0 /* NavigationCoordinator */ = {
			isa = PBXNativeTarget;
			buildConfigurationList = EBC644B32E2B2FEA002FEDE0 /* Build configuration list for PBXNativeTarget "NavigationCoordinator" */;
			buildPhases = (
				EBC6448E2E2B2FE7002FEDE0 /* Sources */,
				EBC6448F2E2B2FE7002FEDE0 /* Frameworks */,
				EBC644902E2B2FE7002FEDE0 /* Resources */,
			);
			buildRules = (
			);
			dependencies = (
			);
			fileSystemSynchronizedGroups = (
				EBC644942E2B2FE7002FEDE0 /* NavigationCoordinator */,
			);
			name = NavigationCoordinator;
			packageProductDependencies = (
			);
			productName = NavigationCoordinator;
			productReference = EBC644922E2B2FE7002FEDE0 /* NavigationCoordinator.app */;
			productType = "com.apple.product-type.application";
		};
		EBC6449E2E2B2FEA002FEDE0 /* NavigationCoordinatorTests */ = {
			isa = PBXNativeTarget;
			buildConfigurationList = EBC644B62E2B2FEA002FEDE0 /* Build configuration list for PBXNativeTarget "NavigationCoordinatorTests" */;
			buildPhases = (
				EBC6449B2E2B2FEA002FEDE0 /* Sources */,
				EBC6449C2E2B2FEA002FEDE0 /* Frameworks */,
				EBC6449D2E2B2FEA002FEDE0 /* Resources */,
			);
			buildRules = (
			);
			dependencies = (
				EBC644A12E2B2FEA002FEDE0 /* PBXTargetDependency */,
			);
			fileSystemSynchronizedGroups = (
				EBC644A22E2B2FEA002FEDE0 /* NavigationCoordinatorTests */,
			);
			name = NavigationCoordinatorTests;
			packageProductDependencies = (
			);
			productName = NavigationCoordinatorTests;
			productReference = EBC6449F2E2B2FEA002FEDE0 /* NavigationCoordinatorTests.xctest */;
			productType = "com.apple.product-type.bundle.unit-test";
		};
		EBC644A82E2B2FEA002FEDE0 /* NavigationCoordinatorUITests */ = {
			isa = PBXNativeTarget;
			buildConfigurationList = EBC644B92E2B2FEA002FEDE0 /* Build configuration list for PBXNativeTarget "NavigationCoordinatorUITests" */;
			buildPhases = (
				EBC644A52E2B2FEA002FEDE0 /* Sources */,
				EBC644A62E2B2FEA002FEDE0 /* Frameworks */,
				EBC644A72E2B2FEA002FEDE0 /* Resources */,
			);
			buildRules = (
			);
			dependencies = (
				EBC644AB2E2B2FEA002FEDE0 /* PBXTargetDependency */,
			);
			fileSystemSynchronizedGroups = (
				EBC644AC2E2B2FEA002FEDE0 /* NavigationCoordinatorUITests */,
			);
			name = NavigationCoordinatorUITests;
			packageProductDependencies = (
			);
			productName = NavigationCoordinatorUITests;
			productReference = EBC644A92E2B2FEA002FEDE0 /* NavigationCoordinatorUITests.xctest */;
			productType = "com.apple.product-type.bundle.ui-testing";
		};
/* End PBXNativeTarget section */

/* Begin PBXProject section */
		EBC6448A2E2B2FE7002FEDE0 /* Project object */ = {
			isa = PBXProject;
			attributes = {
				BuildIndependentTargetsInParallel = 1;
				LastSwiftUpdateCheck = 1640;
				LastUpgradeCheck = 1640;
				TargetAttributes = {
					EBC644912E2B2FE7002FEDE0 = {
						CreatedOnToolsVersion = 16.4;
					};
					EBC6449E2E2B2FEA002FEDE0 = {
						CreatedOnToolsVersion = 16.4;
						TestTargetID = EBC644912E2B2FE7002FEDE0;
					};
					EBC644A82E2B2FEA002FEDE0 = {
						CreatedOnToolsVersion = 16.4;
						TestTargetID = EBC644912E2B2FE7002FEDE0;
					};
				};
			};
			buildConfigurationList = EBC6448D2E2B2FE7002FEDE0 /* Build configuration list for PBXProject "NavigationCoordinator" */;
			developmentRegion = en;
			hasScannedForEncodings = 0;
			knownRegions = (
				en,
				Base,
			);
			mainGroup = EBC644892E2B2FE7002FEDE0;
			minimizedProjectReferenceProxies = 1;
			preferredProjectObjectVersion = 77;
			productRefGroup = EBC644932E2B2FE7002FEDE0 /* Products */;
			projectDirPath = "";
			projectRoot = "";
			targets = (
				EBC644912E2B2FE7002FEDE0 /* NavigationCoordinator */,
				EBC6449E2E2B2FEA002FEDE0 /* NavigationCoordinatorTests */,
				EBC644A82E2B2FEA002FEDE0 /* NavigationCoordinatorUITests */,
			);
		};
/* End PBXProject section */

/* Begin PBXResourcesBuildPhase section */
		EBC644902E2B2FE7002FEDE0 /* Resources */ = {
			isa = PBXResourcesBuildPhase;
			buildActionMask = 2147483647;
			files = (
			);
			runOnlyForDeploymentPostprocessing = 0;
		};
		EBC6449D2E2B2FEA002FEDE0 /* Resources */ = {
			isa = PBXResourcesBuildPhase;
			buildActionMask = 2147483647;
			files = (
			);
			runOnlyForDeploymentPostprocessing = 0;
		};
		EBC644A72E2B2FEA002FEDE0 /* Resources */ = {
			isa = PBXResourcesBuildPhase;
			buildActionMask = 2147483647;
			files = (
			);
			runOnlyForDeploymentPostprocessing = 0;
		};
/* End PBXResourcesBuildPhase section */

/* Begin PBXSourcesBuildPhase section */
		EBC6448E2E2B2FE7002FEDE0 /* Sources */ = {
			isa = PBXSourcesBuildPhase;
			buildActionMask = 2147483647;
			files = (
			);
			runOnlyForDeploymentPostprocessing = 0;
		};
		EBC6449B2E2B2FEA002FEDE0 /* Sources */ = {
			isa = PBXSourcesBuildPhase;
			buildActionMask = 2147483647;
			files = (
			);
			runOnlyForDeploymentPostprocessing = 0;
		};
		EBC644A52E2B2FEA002FEDE0 /* Sources */ = {
			isa = PBXSourcesBuildPhase;
			buildActionMask = 2147483647;
			files = (
			);
			runOnlyForDeploymentPostprocessing = 0;
		};
/* End PBXSourcesBuildPhase section */

/* Begin PBXTargetDependency section */
		EBC644A12E2B2FEA002FEDE0 /* PBXTargetDependency */ = {
			isa = PBXTargetDependency;
			target = EBC644912E2B2FE7002FEDE0 /* NavigationCoordinator */;
			targetProxy = EBC644A02E2B2FEA002FEDE0 /* PBXContainerItemProxy */;
		};
		EBC644AB2E2B2FEA002FEDE0 /* PBXTargetDependency */ = {
			isa = PBXTargetDependency;
			target = EBC644912E2B2FE7002FEDE0 /* NavigationCoordinator */;
			targetProxy = EBC644AA2E2B2FEA002FEDE0 /* PBXContainerItemProxy */;
		};
/* End PBXTargetDependency section */

/* Begin XCBuildConfiguration section */
		EBC644B12E2B2FEA002FEDE0 /* Debug */ = {
			isa = XCBuildConfiguration;
			buildSettings = {
				ALWAYS_SEARCH_USER_PATHS = NO;
				ASSETCATALOG_COMPILER_GENERATE_SWIFT_ASSET_SYMBOL_EXTENSIONS = YES;
				CLANG_ANALYZER_NONNULL = YES;
				CLANG_ANALYZER_NUMBER_OBJECT_CONVERSION = YES_AGGRESSIVE;
				CLANG_CXX_LANGUAGE_STANDARD = "gnu++20";
				CLANG_ENABLE_MODULES = YES;
				CLANG_ENABLE_OBJC_ARC = YES;
				CLANG_ENABLE_OBJC_WEAK = YES;
				CLANG_WARN_BLOCK_CAPTURE_AUTORELEASING = YES;
				CLANG_WARN_BOOL_CONVERSION = YES;
				CLANG_WARN_COMMA = YES;
				CLANG_WARN_CONSTANT_CONVERSION = YES;
				CLANG_WARN_DEPRECATED_OBJC_IMPLEMENTATIONS = YES;
				CLANG_WARN_DIRECT_OBJC_ISA_USAGE = YES_ERROR;
				CLANG_WARN_DOCUMENTATION_COMMENTS = YES;
				CLANG_WARN_EMPTY_BODY = YES;
				CLANG_WARN_ENUM_CONVERSION = YES;
				CLANG_WARN_INFINITE_RECURSION = YES;
				CLANG_WARN_INT_CONVERSION = YES;
				CLANG_WARN_NON_LITERAL_NULL_CONVERSION = YES;
				CLANG_WARN_OBJC_IMPLICIT_RETAIN_SELF = YES;
				CLANG_WARN_OBJC_LITERAL_CONVERSION = YES;
				CLANG_WARN_OBJC_ROOT_CLASS = YES_ERROR;
				CLANG_WARN_QUOTED_INCLUDE_IN_FRAMEWORK_HEADER = YES;
				CLANG_WARN_RANGE_LOOP_ANALYSIS = YES;
				CLANG_WARN_STRICT_PROTOTYPES = YES;
				CLANG_WARN_SUSPICIOUS_MOVE = YES;
				CLANG_WARN_UNGUARDED_AVAILABILITY = YES_AGGRESSIVE;
				CLANG_WARN_UNREACHABLE_CODE = YES;
				CLANG_WARN__DUPLICATE_METHOD_MATCH = YES;
				COPY_PHASE_STRIP = NO;
				DEBUG_INFORMATION_FORMAT = dwarf;
				ENABLE_STRICT_OBJC_MSGSEND = YES;
				ENABLE_TESTABILITY = YES;
				ENABLE_USER_SCRIPT_SANDBOXING = YES;
				GCC_C_LANGUAGE_STANDARD = gnu17;
				GCC_DYNAMIC_NO_PIC = NO;
				GCC_NO_COMMON_BLOCKS = YES;
				GCC_OPTIMIZATION_LEVEL = 0;
				GCC_PREPROCESSOR_DEFINITIONS = (
					"DEBUG=1",
					"$(inherited)",
				);
				GCC_WARN_64_TO_32_BIT_CONVERSION = YES;
				GCC_WARN_ABOUT_RETURN_TYPE = YES_ERROR;
				GCC_WARN_UNDECLARED_SELECTOR = YES;
				GCC_WARN_UNINITIALIZED_AUTOS = YES_AGGRESSIVE;
				GCC_WARN_UNUSED_FUNCTION = YES;
				GCC_WARN_UNUSED_VARIABLE = YES;
				IPHONEOS_DEPLOYMENT_TARGET = 18.5;
				LOCALIZATION_PREFERS_STRING_CATALOGS = YES;
				MTL_ENABLE_DEBUG_INFO = INCLUDE_SOURCE;
				MTL_FAST_MATH = YES;
				ONLY_ACTIVE_ARCH = YES;
				SDKROOT = iphoneos;
				SWIFT_ACTIVE_COMPILATION_CONDITIONS = "DEBUG $(inherited)";
				SWIFT_OPTIMIZATION_LEVEL = "-Onone";
			};
			name = Debug;
		};
		EBC644B22E2B2FEA002FEDE0 /* Release */ = {
			isa = XCBuildConfiguration;
			buildSettings = {
				ALWAYS_SEARCH_USER_PATHS = NO;
				ASSETCATALOG_COMPILER_GENERATE_SWIFT_ASSET_SYMBOL_EXTENSIONS = YES;
				CLANG_ANALYZER_NONNULL = YES;
				CLANG_ANALYZER_NUMBER_OBJECT_CONVERSION = YES_AGGRESSIVE;
				CLANG_CXX_LANGUAGE_STANDARD = "gnu++20";
				CLANG_ENABLE_MODULES = YES;
				CLANG_ENABLE_OBJC_ARC = YES;
				CLANG_ENABLE_OBJC_WEAK = YES;
				CLANG_WARN_BLOCK_CAPTURE_AUTORELEASING = YES;
				CLANG_WARN_BOOL_CONVERSION = YES;
				CLANG_WARN_COMMA = YES;
				CLANG_WARN_CONSTANT_CONVERSION = YES;
				CLANG_WARN_DEPRECATED_OBJC_IMPLEMENTATIONS = YES;
				CLANG_WARN_DIRECT_OBJC_ISA_USAGE = YES_ERROR;
				CLANG_WARN_DOCUMENTATION_COMMENTS = YES;
				CLANG_WARN_EMPTY_BODY = YES;
				CLANG_WARN_ENUM_CONVERSION = YES;
				CLANG_WARN_INFINITE_RECURSION = YES;
				CLANG_WARN_INT_CONVERSION = YES;
				CLANG_WARN_NON_LITERAL_NULL_CONVERSION = YES;
				CLANG_WARN_OBJC_IMPLICIT_RETAIN_SELF = YES;
				CLANG_WARN_OBJC_LITERAL_CONVERSION = YES;
				CLANG_WARN_OBJC_ROOT_CLASS = YES_ERROR;
				CLANG_WARN_QUOTED_INCLUDE_IN_FRAMEWORK_HEADER = YES;
				CLANG_WARN_RANGE_LOOP_ANALYSIS = YES;
				CLANG_WARN_STRICT_PROTOTYPES = YES;
				CLANG_WARN_SUSPICIOUS_MOVE = YES;
				CLANG_WARN_UNGUARDED_AVAILABILITY = YES_AGGRESSIVE;
				CLANG_WARN_UNREACHABLE_CODE = YES;
				CLANG_WARN__DUPLICATE_METHOD_MATCH = YES;
				COPY_PHASE_STRIP = NO;
				DEBUG_INFORMATION_FORMAT = "dwarf-with-dsym";
				ENABLE_NS_ASSERTIONS = NO;
				ENABLE_STRICT_OBJC_MSGSEND = YES;
				ENABLE_USER_SCRIPT_SANDBOXING = YES;
				GCC_C_LANGUAGE_STANDARD = gnu17;
				GCC_NO_COMMON_BLOCKS = YES;
				GCC_WARN_64_TO_32_BIT_CONVERSION = YES;
				GCC_WARN_ABOUT_RETURN_TYPE = YES_ERROR;
				GCC_WARN_UNDECLARED_SELECTOR = YES;
				GCC_WARN_UNINITIALIZED_AUTOS = YES_AGGRESSIVE;
				GCC_WARN_UNUSED_FUNCTION = YES;
				GCC_WARN_UNUSED_VARIABLE = YES;
				IPHONEOS_DEPLOYMENT_TARGET = 18.5;
				LOCALIZATION_PREFERS_STRING_CATALOGS = YES;
				MTL_ENABLE_DEBUG_INFO = NO;
				MTL_FAST_MATH = YES;
				SDKROOT = iphoneos;
				SWIFT_COMPILATION_MODE = wholemodule;
				VALIDATE_PRODUCT = YES;
			};
			name = Release;
		};
		EBC644B42E2B2FEA002FEDE0 /* Debug */ = {
			isa = XCBuildConfiguration;
			buildSettings = {
				ASSETCATALOG_COMPILER_APPICON_NAME = AppIcon;
				ASSETCATALOG_COMPILER_GLOBAL_ACCENT_COLOR_NAME = AccentColor;
				CODE_SIGN_STYLE = Automatic;
				CURRENT_PROJECT_VERSION = 1;
				ENABLE_PREVIEWS = YES;
				GENERATE_INFOPLIST_FILE = YES;
				INFOPLIST_KEY_UIApplicationSceneManifest_Generation = YES;
				INFOPLIST_KEY_UIApplicationSupportsIndirectInputEvents = YES;
				INFOPLIST_KEY_UILaunchScreen_Generation = YES;
				INFOPLIST_KEY_UISupportedInterfaceOrientations_iPad = "UIInterfaceOrientationPortrait UIInterfaceOrientationPortraitUpsideDown UIInterfaceOrientationLandscapeLeft UIInterfaceOrientationLandscapeRight";
				INFOPLIST_KEY_UISupportedInterfaceOrientations_iPhone = "UIInterfaceOrientationPortrait UIInterfaceOrientationLandscapeLeft UIInterfaceOrientationLandscapeRight";
				LD_RUNPATH_SEARCH_PATHS = (
					"$(inherited)",
					"@executable_path/Frameworks",
				);
				MARKETING_VERSION = 1.0;
				PRODUCT_BUNDLE_IDENTIFIER = com.iemrollin.NavigationCoordinator;
				PRODUCT_NAME = "$(TARGET_NAME)";
				SWIFT_EMIT_LOC_STRINGS = YES;
				SWIFT_VERSION = 5.0;
				TARGETED_DEVICE_FAMILY = "1,2";
			};
			name = Debug;
		};
		EBC644B52E2B2FEA002FEDE0 /* Release */ = {
			isa = XCBuildConfiguration;
			buildSettings = {
				ASSETCATALOG_COMPILER_APPICON_NAME = AppIcon;
				ASSETCATALOG_COMPILER_GLOBAL_ACCENT_COLOR_NAME = AccentColor;
				CODE_SIGN_STYLE = Automatic;
				CURRENT_PROJECT_VERSION = 1;
				ENABLE_PREVIEWS = YES;
				GENERATE_INFOPLIST_FILE = YES;
				INFOPLIST_KEY_UIApplicationSceneManifest_Generation = YES;
				INFOPLIST_KEY_UIApplicationSupportsIndirectInputEvents = YES;
				INFOPLIST_KEY_UILaunchScreen_Generation = YES;
				INFOPLIST_KEY_UISupportedInterfaceOrientations_iPad = "UIInterfaceOrientationPortrait UIInterfaceOrientationPortraitUpsideDown UIInterfaceOrientationLandscapeLeft UIInterfaceOrientationLandscapeRight";
				INFOPLIST_KEY_UISupportedInterfaceOrientations_iPhone = "UIInterfaceOrientationPortrait UIInterfaceOrientationLandscapeLeft UIInterfaceOrientationLandscapeRight";
				LD_RUNPATH_SEARCH_PATHS = (
					"$(inherited)",
					"@executable_path/Frameworks",
				);
				MARKETING_VERSION = 1.0;
				PRODUCT_BUNDLE_IDENTIFIER = com.iemrollin.NavigationCoordinator;
				PRODUCT_NAME = "$(TARGET_NAME)";
				SWIFT_EMIT_LOC_STRINGS = YES;
				SWIFT_VERSION = 5.0;
				TARGETED_DEVICE_FAMILY = "1,2";
			};
			name = Release;
		};
		EBC644B72E2B2FEA002FEDE0 /* Debug */ = {
			isa = XCBuildConfiguration;
			buildSettings = {
				BUNDLE_LOADER = "$(TEST_HOST)";
				CODE_SIGN_STYLE = Automatic;
				CURRENT_PROJECT_VERSION = 1;
				GENERATE_INFOPLIST_FILE = YES;
				IPHONEOS_DEPLOYMENT_TARGET = 18.5;
				MARKETING_VERSION = 1.0;
				PRODUCT_BUNDLE_IDENTIFIER = com.iemrollin.NavigationCoordinatorTests;
				PRODUCT_NAME = "$(TARGET_NAME)";
				SWIFT_EMIT_LOC_STRINGS = NO;
				SWIFT_VERSION = 5.0;
				TARGETED_DEVICE_FAMILY = "1,2";
				TEST_HOST = "$(BUILT_PRODUCTS_DIR)/NavigationCoordinator.app/$(BUNDLE_EXECUTABLE_FOLDER_PATH)/NavigationCoordinator";
			};
			name = Debug;
		};
		EBC644B82E2B2FEA002FEDE0 /* Release */ = {
			isa = XCBuildConfiguration;
			buildSettings = {
				BUNDLE_LOADER = "$(TEST_HOST)";
				CODE_SIGN_STYLE = Automatic;
				CURRENT_PROJECT_VERSION = 1;
				GENERATE_INFOPLIST_FILE = YES;
				IPHONEOS_DEPLOYMENT_TARGET = 18.5;
				MARKETING_VERSION = 1.0;
				PRODUCT_BUNDLE_IDENTIFIER = com.iemrollin.NavigationCoordinatorTests;
				PRODUCT_NAME = "$(TARGET_NAME)";
				SWIFT_EMIT_LOC_STRINGS = NO;
				SWIFT_VERSION = 5.0;
				TARGETED_DEVICE_FAMILY = "1,2";
				TEST_HOST = "$(BUILT_PRODUCTS_DIR)/NavigationCoordinator.app/$(BUNDLE_EXECUTABLE_FOLDER_PATH)/NavigationCoordinator";
			};
			name = Release;
		};
		EBC644BA2E2B2FEA002FEDE0 /* Debug */ = {
			isa = XCBuildConfiguration;
			buildSettings = {
				CODE_SIGN_STYLE = Automatic;
				CURRENT_PROJECT_VERSION = 1;
				GENERATE_INFOPLIST_FILE = YES;
				MARKETING_VERSION = 1.0;
				PRODUCT_BUNDLE_IDENTIFIER = com.iemrollin.NavigationCoordinatorUITests;
				PRODUCT_NAME = "$(TARGET_NAME)";
				SWIFT_EMIT_LOC_STRINGS = NO;
				SWIFT_VERSION = 5.0;
				TARGETED_DEVICE_FAMILY = "1,2";
				TEST_TARGET_NAME = NavigationCoordinator;
			};
			name = Debug;
		};
		EBC644BB2E2B2FEA002FEDE0 /* Release */ = {
			isa = XCBuildConfiguration;
			buildSettings = {
				CODE_SIGN_STYLE = Automatic;
				CURRENT_PROJECT_VERSION = 1;
				GENERATE_INFOPLIST_FILE = YES;
				MARKETING_VERSION = 1.0;
				PRODUCT_BUNDLE_IDENTIFIER = com.iemrollin.NavigationCoordinatorUITests;
				PRODUCT_NAME = "$(TARGET_NAME)";
				SWIFT_EMIT_LOC_STRINGS = NO;
				SWIFT_VERSION = 5.0;
				TARGETED_DEVICE_FAMILY = "1,2";
				TEST_TARGET_NAME = NavigationCoordinator;
			};
			name = Release;
		};
/* End XCBuildConfiguration section */

/* Begin XCConfigurationList section */
		EBC6448D2E2B2FE7002FEDE0 /* Build configuration list for PBXProject "NavigationCoordinator" */ = {
			isa = XCConfigurationList;
			buildConfigurations = (
				EBC644B12E2B2FEA002FEDE0 /* Debug */,
				EBC644B22E2B2FEA002FEDE0 /* Release */,
			);
			defaultConfigurationIsVisible = 0;
			defaultConfigurationName = Release;
		};
		EBC644B32E2B2FEA002FEDE0 /* Build configuration list for PBXNativeTarget "NavigationCoordinator" */ = {
			isa = XCConfigurationList;
			buildConfigurations = (
				EBC644B42E2B2FEA002FEDE0 /* Debug */,
				EBC644B52E2B2FEA002FEDE0 /* Release */,
			);
			defaultConfigurationIsVisible = 0;
			defaultConfigurationName = Release;
		};
		EBC644B62E2B2FEA002FEDE0 /* Build configuration list for PBXNativeTarget "NavigationCoordinatorTests" */ = {
			isa = XCConfigurationList;
			buildConfigurations = (
				EBC644B72E2B2FEA002FEDE0 /* Debug */,
				EBC644B82E2B2FEA002FEDE0 /* Release */,
			);
			defaultConfigurationIsVisible = 0;
			defaultConfigurationName = Release;
		};
		EBC644B92E2B2FEA002FEDE0 /* Build configuration list for PBXNativeTarget "NavigationCoordinatorUITests" */ = {
			isa = XCConfigurationList;
			buildConfigurations = (
				EBC644BA2E2B2FEA002FEDE0 /* Debug */,
				EBC644BB2E2B2FEA002FEDE0 /* Release */,
			);
			defaultConfigurationIsVisible = 0;
			defaultConfigurationName = Release;
		};
/* End XCConfigurationList section */
	};
	rootObject = EBC6448A2E2B2FE7002FEDE0 /* Project object */;
}
